%{
  "certifi": {:hex, :certifi, "1.1.0", "c9b71a547016c2528a590ccfc28de786c7edb74aafa17446b84f54e04efc00ee", [:rebar3], [], "hexpm", "766db7fae3104ac598216658a8e851fc61df89761ca841952a24a5a70613257c"},
  "erl_pengine": {:hex, :erl_pengine, "0.1.1", "9601c6248a2060c9c11a050c038205dd3d04d5550b152a13af14987a720253ca", [:rebar3], [{:hackney, "1.8.0", [hex: :hackney, repo: "hexpm", optional: false]}, {:jsx, "2.8.2", [hex: :jsx, repo: "hexpm", optional: false]}, {:syn, "1.6.1", [hex: :syn, repo: "hexpm", optional: false]}], "hexpm", "3715ce93fe95bc68f273d91ba239ec90e16829c063d41952861642c6bd36318a"},
  "hackney": {:hex, :hackney, "1.8.0", "8388a22f4e7eb04d171f2cf0285b217410f266d6c13a4c397a6c22ab823a486c", [:rebar3], [{:certifi, "1.1.0", [hex: :certifi, repo: "hexpm", optional: false]}, {:idna, "4.0.0", [hex: :idna, repo: "hexpm", optional: false]}, {:metrics, "1.0.1", [hex: :metrics, repo: "hexpm", optional: false]}, {:mimerl, "1.0.2", [hex: :mimerl, repo: "hexpm", optional: false]}, {:ssl_verify_fun, "1.1.1", [hex: :ssl_verify_fun, repo: "hexpm", optional: false]}], "hexpm", "0cb8724402a04397003ad5daaef663698c9448ce312a1f3ba911b89109bfe168"},
  "idna": {:hex, :idna, "4.0.0", "10aaa9f79d0b12cf0def53038547855b91144f1bfcc0ec73494f38bb7b9c4961", [:rebar3], [], "hexpm", "f1b699f7275728538da7b5e35679f9e0f41ad8e0a49896e6a27b61867ed344eb"},
  "jsx": {:hex, :jsx, "2.8.2", "7acc7d785b5abe8a6e9adbde926a24e481f29956dd8b4df49e3e4e7bcc92a018", [:mix, :rebar3], [], "hexpm", "b4c5d3230b397c8d95579e4a3d72826bb6463160130ccf4182f5be8579b5f44c"},
  "metrics": {:hex, :metrics, "1.0.1", "25f094dea2cda98213cecc3aeff09e940299d950904393b2a29d191c346a8486", [:rebar3], [], "hexpm", "69b09adddc4f74a40716ae54d140f93beb0fb8978d8636eaded0c31b6f099f16"},
  "mimerl": {:hex, :mimerl, "1.0.2", "993f9b0e084083405ed8252b99460c4f0563e41729ab42d9074fd5e52439be88", [:rebar3], [], "hexpm", "7a4c8e1115a2732a67d7624e28cf6c9f30c66711a9e92928e745c255887ba465"},
  "ssl_verify_fun": {:hex, :ssl_verify_fun, "1.1.1", "28a4d65b7f59893bc2c7de786dec1e1555bd742d336043fe644ae956c3497fbe", [:make, :rebar], [], "hexpm", "4f8805eb5c8a939cf2359367cb651a3180b27dfb48444846be2613d79355d65e"},
  "syn": {:hex, :syn, "1.6.1", "728a9c521b3815831259a98fdec9c74875612a4d2854e324dd1ec5ad6df4146e", [:rebar3], [], "hexpm", "9f78986997eb71b8da773b2512355983d17d33ed8c55b24ccbbb77c3b10dcda9"},
}
